Microsoft Visual Studio Solution File, Format Version 12.00
# Visual Studio Version 17
VisualStudioVersion = 17.5.2.0
MinimumVisualStudioVersion = 10.0.40219.1
Project("{2150E333-8FDC-42A3-9474-1A3956D46DE8}") = "RealEstatePro", "RealEstatePro", "{10356BCD-8AD0-80F4-A67B-87DC80DBC047}"
EndProject
Project("{FAE04EC0-301F-11D3-BF4B-00C04F79EFBC}") = "RealEstatePro", "backend\RealEstatePro.csproj", "{DC5CDDAB-A3EB-0A98-0FA4-D593502FE2D2}"
EndProject
Global
	GlobalSection(SolutionConfigurationPlatforms) = preSolution
		Debug|Any CPU = Debug|Any CPU
		Release|Any CPU = Release|Any CPU
	EndGlobalSection
	GlobalSection(ProjectConfigurationPlatforms) = postSolution
		{DC5CDDAB-A3EB-0A98-0FA4-D593502FE2D2}.Debug|Any CPU.ActiveCfg = Debug|Any CPU
		{DC5CDDAB-A3EB-0A98-0FA4-D593502FE2D2}.Debug|Any CPU.Build.0 = Debug|Any CPU
		{DC5CDDAB-A3EB-0A98-0FA4-D593502FE2D2}.Release|Any CPU.ActiveCfg = Release|Any CPU
		{DC5CDDAB-A3EB-0A98-0FA4-D593502FE2D2}.Release|Any CPU.Build.0 = Release|Any CPU
	EndGlobalSection
	GlobalSection(SolutionProperties) = preSolution
		HideSolutionNode = FALSE
	EndGlobalSection
	GlobalSection(NestedProjects) = preSolution
		{DC5CDDAB-A3EB-0A98-0FA4-D593502FE2D2} = {10356BCD-8AD0-80F4-A67B-87DC80DBC047}
	EndGlobalSection
	GlobalSection(ExtensibilityGlobals) = postSolution
		SolutionGuid = {7285CD58-A6FE-4878-AB86-7723796024BF}
	EndGlobalSection
EndGlobal
